# THIS IS AN AUTOGENERATED FILE. DO NOT EDIT THIS FILE DIRECTLY.
# yarn lockfile v1


strapi-plugin-content-manager@^3.0.0-alpha.12.7.1:
  version "3.0.0-alpha.12.7.1"
  resolved "https://registry.yarnpkg.com/strapi-plugin-content-manager/-/strapi-plugin-content-manager-3.0.0-alpha.12.7.1.tgz#7a60beae345d195c89b4d5dd9369eb5ade59ba5e"
