# THIS IS AN AUTOGENERATED FILE. DO NOT EDIT THIS FILE DIRECTLY.
# yarn lockfile v1


strapi-plugin-settings-manager@^3.0.0-alpha.12.7.1:
  version "3.0.0-alpha.12.7.1"
  resolved "https://registry.yarnpkg.com/strapi-plugin-settings-manager/-/strapi-plugin-settings-manager-3.0.0-alpha.12.7.1.tgz#bf02e3c7966decdfc9f3f17d63b2506e76e23f23"
